// !$*UTF8*$!
{
	archiveVersion = 1;
	classes = {
	};
	objectVersion = 56;
	objects = {

/* Begin PBXBuildFile section */
		0B11274B2B8BF71C005372C8 /* CameraView.swift in Sources */ = {isa = PBXBuildFile; fileRef = 0B11274A2B8BF71C005372C8 /* CameraView.swift */; };
		0B1629932BA491B400AAEE9A /* Databases.swift in Sources */ = {isa = PBXBuildFile; fileRef = 0B1629922BA491B400AAEE9A /* Databases.swift */; };
		0B1629962BA4924000AAEE9A /* libsqlite3.tbd in Frameworks */ = {isa = PBXBuildFile; fileRef = 0B1629952BA4924000AAEE9A /* libsqlite3.tbd */; settings = {ATTRIBUTES = (Required, ); }; };
		0B1629982BA4D0D100AAEE9A /* tblReceipts.swift in Sources */ = {isa = PBXBuildFile; fileRef = 0B1629972BA4D0D100AAEE9A /* tblReceipts.swift */; };
		0B16299A2BA4D0E800AAEE9A /* ReceiptModel.swift in Sources */ = {isa = PBXBuildFile; fileRef = 0B1629992BA4D0E800AAEE9A /* ReceiptModel.swift */; };
		0B3D09EB2B90543800449161 /* PhotoSelecter.swift in Sources */ = {isa = PBXBuildFile; fileRef = 0B3D09EA2B90543800449161 /* PhotoSelecter.swift */; };
		0B64CB702B8BC3F00089A87E /* RecieptCaptureApp.swift in Sources */ = {isa = PBXBuildFile; fileRef = 0B64CB6F2B8BC3F00089A87E /* RecieptCaptureApp.swift */; };
		0B64CB722B8BC3F00089A87E /* ContentView.swift in Sources */ = {isa = PBXBuildFile; fileRef = 0B64CB712B8BC3F00089A87E /* ContentView.swift */; };
		0B64CB762B8BC3F30089A87E /* Assets.xcassets in Resources */ = {isa = PBXBuildFile; fileRef = 0B64CB752B8BC3F30089A87E /* Assets.xcassets */; };
		0B64CB792B8BC3F30089A87E /* Preview Assets.xcassets in Resources */ = {isa = PBXBuildFile; fileRef = 0B64CB782B8BC3F30089A87E /* Preview Assets.xcassets */; };
		0BED15972B9E9E510081D138 /* CalenderView.swift in Sources */ = {isa = PBXBuildFile; fileRef = 0BED15962B9E9E510081D138 /* CalenderView.swift */; };
		0BED15992B9ECDA80081D138 /* DateView.swift in Sources */ = {isa = PBXBuildFile; fileRef = 0BED15982B9ECDA80081D138 /* DateView.swift */; };
		0BED159B2B9F4D720081D138 /* PhotoCommandView.swift in Sources */ = {isa = PBXBuildFile; fileRef = 0BED159A2B9F4D720081D138 /* PhotoCommandView.swift */; };
		0BED15A02B9F660E0081D138 /* RecFromAlbumView.swift in Sources */ = {isa = PBXBuildFile; fileRef = 0BED159F2B9F660E0081D138 /* RecFromAlbumView.swift */; };
		0BED15A32B9FBFAA0081D138 /* DeleteButton.swift in Sources */ = {isa = PBXBuildFile; fileRef = 0BED15A22B9FBFAA0081D138 /* DeleteButton.swift */; };
		0BED15A52B9FD0880081D138 /* ImagePicker.swift in Sources */ = {isa = PBXBuildFile; fileRef = 0BED15A42B9FD0880081D138 /* ImagePicker.swift */; };
		0BF0DD522BA0169C00383576 /* ScanImageView.swift in Sources */ = {isa = PBXBuildFile; fileRef = 0BF0DD512BA0169C00383576 /* ScanImageView.swift */; };
/* End PBXBuildFile section */

/* Begin PBXContainerItemProxy section */
		0B64CB7F2B8BC3F30089A87E /* PBXContainerItemProxy */ = {
			isa = PBXContainerItemProxy;
			containerPortal = 0B64CB642B8BC3F00089A87E /* Project object */;
			proxyType = 1;
			remoteGlobalIDString = 0B64CB6B2B8BC3F00089A87E;
			remoteInfo = RecieptCapture;
		};
		0B64CB892B8BC3F30089A87E /* PBXContainerItemProxy */ = {
			isa = PBXContainerItemProxy;
			containerPortal = 0B64CB642B8BC3F00089A87E /* Project object */;
			proxyType = 1;
			remoteGlobalIDString = 0B64CB6B2B8BC3F00089A87E;
			remoteInfo = RecieptCapture;
		};
/* End PBXContainerItemProxy section */

/* Begin PBXFileReference section */
		0B11274A2B8BF71C005372C8 /* CameraView.swift */ = {isa = PBXFileReference; lastKnownFileType = sourcecode.swift; path = CameraView.swift; sourceTree = "<group>"; };
		0B1629922BA491B400AAEE9A /* Databases.swift */ = {isa = PBXFileReference; lastKnownFileType = sourcecode.swift; path = Databases.swift; sourceTree = "<group>"; };
		0B1629952BA4924000AAEE9A /* libsqlite3.tbd */ = {isa = PBXFileReference; lastKnownFileType = "sourcecode.text-based-dylib-definition"; name = libsqlite3.tbd; path = Platforms/MacOSX.platform/Developer/SDKs/MacOSX14.2.sdk/usr/lib/libsqlite3.tbd; sourceTree = DEVELOPER_DIR; };
		0B1629972BA4D0D100AAEE9A /* tblReceipts.swift */ = {isa = PBXFileReference; lastKnownFileType = sourcecode.swift; path = tblReceipts.swift; sourceTree = "<group>"; };
		0B1629992BA4D0E800AAEE9A /* ReceiptModel.swift */ = {isa = PBXFileReference; lastKnownFileType = sourcecode.swift; path = ReceiptModel.swift; sourceTree = "<group>"; };
		0B3D09EA2B90543800449161 /* PhotoSelecter.swift */ = {isa = PBXFileReference; lastKnownFileType = sourcecode.swift; path = PhotoSelecter.swift; sourceTree = "<group>"; };
		0B64CB6C2B8BC3F00089A87E /* RecieptCapture.app */ = {isa = PBXFileReference; explicitFileType = wrapper.application; includeInIndex = 0; path = RecieptCapture.app; sourceTree = BUILT_PRODUCTS_DIR; };
		0B64CB6F2B8BC3F00089A87E /* RecieptCaptureApp.swift */ = {isa = PBXFileReference; lastKnownFileType = sourcecode.swift; path = RecieptCaptureApp.swift; sourceTree = "<group>"; };
		0B64CB712B8BC3F00089A87E /* ContentView.swift */ = {isa = PBXFileReference; lastKnownFileType = sourcecode.swift; path = ContentView.swift; sourceTree = "<group>"; };
		0B64CB752B8BC3F30089A87E /* Assets.xcassets */ = {isa = PBXFileReference; lastKnownFileType = folder.assetcatalog; path = Assets.xcassets; sourceTree = "<group>"; };
		0B64CB782B8BC3F30089A87E /* Preview Assets.xcassets */ = {isa = PBXFileReference; lastKnownFileType = folder.assetcatalog; path = "Preview Assets.xcassets"; sourceTree = "<group>"; };
		0B64CB7E2B8BC3F30089A87E /* RecieptCaptureTests.xctest */ = {isa = PBXFileReference; explicitFileType = wrapper.cfbundle; includeInIndex = 0; path = RecieptCaptureTests.xctest; sourceTree = BUILT_PRODUCTS_DIR; };
		0B64CB882B8BC3F30089A87E /* RecieptCaptureUITests.xctest */ = {isa = PBXFileReference; explicitFileType = wrapper.cfbundle; includeInIndex = 0; path = RecieptCaptureUITests.xctest; sourceTree = BUILT_PRODUCTS_DIR; };
		0BBEA7472B8D43CB004CA4DD /* RecieptCaptureDebug.entitlements */ = {isa = PBXFileReference; lastKnownFileType = text.plist.entitlements; path = RecieptCaptureDebug.entitlements; sourceTree = "<group>"; };
		0BED15962B9E9E510081D138 /* CalenderView.swift */ = {isa = PBXFileReference; lastKnownFileType = sourcecode.swift; path = CalenderView.swift; sourceTree = "<group>"; };
		0BED15982B9ECDA80081D138 /* DateView.swift */ = {isa = PBXFileReference; lastKnownFileType = sourcecode.swift; path = DateView.swift; sourceTree = "<group>"; };
		0BED159A2B9F4D720081D138 /* PhotoCommandView.swift */ = {isa = PBXFileReference; lastKnownFileType = sourcecode.swift; path = PhotoCommandView.swift; sourceTree = "<group>"; };
		0BED159F2B9F660E0081D138 /* RecFromAlbumView.swift */ = {isa = PBXFileReference; lastKnownFileType = sourcecode.swift; path = RecFromAlbumView.swift; sourceTree = "<group>"; };
		0BED15A22B9FBFAA0081D138 /* DeleteButton.swift */ = {isa = PBXFileReference; lastKnownFileType = sourcecode.swift; path = DeleteButton.swift; sourceTree = "<group>"; };
		0BED15A42B9FD0880081D138 /* ImagePicker.swift */ = {isa = PBXFileReference; fileEncoding = 4; lastKnownFileType = sourcecode.swift; name = ImagePicker.swift; path = "RecieptCapture/Helper Content/ImagePicker.swift"; sourceTree = SOURCE_ROOT; };
		0BF0DD512BA0169C00383576 /* ScanImageView.swift */ = {isa = PBXFileReference; lastKnownFileType = sourcecode.swift; path = ScanImageView.swift; sourceTree = "<group>"; };
/* End PBXFileReference section */

/* Begin PBXFrameworksBuildPhase section */
		0B64CB692B8BC3F00089A87E /* Frameworks */ = {
			isa = PBXFrameworksBuildPhase;
			buildActionMask = 2147483647;
			files = (
			);
			runOnlyForDeploymentPostprocessing = 0;
		};
		0B64CB7B2B8BC3F30089A87E /* Frameworks */ = {
			isa = PBXFrameworksBuildPhase;
			buildActionMask = 2147483647;
			files = (
				0B1629962BA4924000AAEE9A /* libsqlite3.tbd in Frameworks */,
			);
			runOnlyForDeploymentPostprocessing = 0;
		};
		0B64CB852B8BC3F30089A87E /* Frameworks */ = {
			isa = PBXFrameworksBuildPhase;
			buildActionMask = 2147483647;
			files = (
			);
			runOnlyForDeploymentPostprocessing = 0;
		};
/* End PBXFrameworksBuildPhase section */

/* Begin PBXGroup section */
		0B1629942BA4923F00AAEE9A /* Frameworks */ = {
			isa = PBXGroup;
			children = (
				0B1629952BA4924000AAEE9A /* libsqlite3.tbd */,
			);
			name = Frameworks;
			sourceTree = "<group>";
		};
		0B3D09F72B91923A00449161 /* Helper Content */ = {
			isa = PBXGroup;
			children = (
				0B11274A2B8BF71C005372C8 /* CameraView.swift */,
				0BED15A22B9FBFAA0081D138 /* DeleteButton.swift */,
				0BED15A42B9FD0880081D138 /* ImagePicker.swift */,
			);
			path = "Helper Content";
			sourceTree = "<group>";
		};
		0B64CB632B8BC3F00089A87E = {
			isa = PBXGroup;
			children = (
				0B64CB6E2B8BC3F00089A87E /* RecieptCapture */,
				0B64CB6D2B8BC3F00089A87E /* Products */,
				0B1629942BA4923F00AAEE9A /* Frameworks */,
			);
			sourceTree = "<group>";
		};
		0B64CB6D2B8BC3F00089A87E /* Products */ = {
			isa = PBXGroup;
			children = (
				0B64CB6C2B8BC3F00089A87E /* RecieptCapture.app */,
				0B64CB7E2B8BC3F30089A87E /* RecieptCaptureTests.xctest */,
				0B64CB882B8BC3F30089A87E /* RecieptCaptureUITests.xctest */,
			);
			name = Products;
			sourceTree = "<group>";
		};
		0B64CB6E2B8BC3F00089A87E /* RecieptCapture */ = {
			isa = PBXGroup;
			children = (
				0BBEA7472B8D43CB004CA4DD /* RecieptCaptureDebug.entitlements */,
				0BBEA73A2B8D06E5004CA4DD /* Database */,
				0B64CB6F2B8BC3F00089A87E /* RecieptCaptureApp.swift */,
				0B64CB712B8BC3F00089A87E /* ContentView.swift */,
				0BED159C2B9F52900081D138 /* ContentView Subviews */,
				0BF0DD502BA0166D00383576 /* ScanImage */,
				0BED159E2B9F65B20081D138 /* RecFromAlbum */,
				0B3D09F72B91923A00449161 /* Helper Content */,
				0B64CB752B8BC3F30089A87E /* Assets.xcassets */,
				0B64CB772B8BC3F30089A87E /* Preview Content */,
			);
			path = RecieptCapture;
			sourceTree = "<group>";
		};
		0B64CB772B8BC3F30089A87E /* Preview Content */ = {
			isa = PBXGroup;
			children = (
				0B64CB782B8BC3F30089A87E /* Preview Assets.xcassets */,
			);
			path = "Preview Content";
			sourceTree = "<group>";
		};
		0BBEA73A2B8D06E5004CA4DD /* Database */ = {
			isa = PBXGroup;
			children = (
				0B1629922BA491B400AAEE9A /* Databases.swift */,
				0B1629972BA4D0D100AAEE9A /* tblReceipts.swift */,
				0B1629992BA4D0E800AAEE9A /* ReceiptModel.swift */,
			);
			path = Database;
			sourceTree = "<group>";
		};
		0BED159C2B9F52900081D138 /* ContentView Subviews */ = {
			isa = PBXGroup;
			children = (
				0BED159A2B9F4D720081D138 /* PhotoCommandView.swift */,
				0BED15982B9ECDA80081D138 /* DateView.swift */,
				0BED15962B9E9E510081D138 /* CalenderView.swift */,
			);
			path = "ContentView Subviews";
			sourceTree = "<group>";
		};
		0BED159E2B9F65B20081D138 /* RecFromAlbum */ = {
			isa = PBXGroup;
			children = (
				0BED159F2B9F660E0081D138 /* RecFromAlbumView.swift */,
				0B3D09EA2B90543800449161 /* PhotoSelecter.swift */,
				0BED15A12B9F69E80081D138 /* RecFromAlbumSubviews */,
			);
			path = RecFromAlbum;
			sourceTree = "<group>";
		};
		0BED15A12B9F69E80081D138 /* RecFromAlbumSubviews */ = {
			isa = PBXGroup;
			children = (
			);
			path = RecFromAlbumSubviews;
			sourceTree = "<group>";
		};
		0BF0DD502BA0166D00383576 /* ScanImage */ = {
			isa = PBXGroup;
			children = (
				0BF0DD512BA0169C00383576 /* ScanImageView.swift */,
			);
			path = ScanImage;
			sourceTree = "<group>";
		};
/* End PBXGroup section */

/* Begin PBXNativeTarget section */
		0B64CB6B2B8BC3F00089A87E /* RecieptCapture */ = {
			isa = PBXNativeTarget;
			buildConfigurationList = 0B64CB922B8BC3F30089A87E /* Build configuration list for PBXNativeTarget "RecieptCapture" */;
			buildPhases = (
				0B64CB682B8BC3F00089A87E /* Sources */,
				0B64CB692B8BC3F00089A87E /* Frameworks */,
				0B64CB6A2B8BC3F00089A87E /* Resources */,
			);
			buildRules = (
			);
			dependencies = (
			);
			name = RecieptCapture;
			productName = RecieptCapture;
			productReference = 0B64CB6C2B8BC3F00089A87E /* RecieptCapture.app */;
			productType = "com.apple.product-type.application";
		};
		0B64CB7D2B8BC3F30089A87E /* RecieptCaptureTests */ = {
			isa = PBXNativeTarget;
			buildConfigurationList = 0B64CB952B8BC3F30089A87E /* Build configuration list for PBXNativeTarget "RecieptCaptureTests" */;
			buildPhases = (
				0B64CB7A2B8BC3F30089A87E /* Sources */,
				0B64CB7B2B8BC3F30089A87E /* Frameworks */,
				0B64CB7C2B8BC3F30089A87E /* Resources */,
			);
			buildRules = (
			);
			dependencies = (
				0B64CB802B8BC3F30089A87E /* PBXTargetDependency */,
			);
			name = RecieptCaptureTests;
			productName = RecieptCaptureTests;
			productReference = 0B64CB7E2B8BC3F30089A87E /* RecieptCaptureTests.xctest */;
			productType = "com.apple.product-type.bundle.unit-test";
		};
		0B64CB872B8BC3F30089A87E /* RecieptCaptureUITests */ = {
			isa = PBXNativeTarget;
			buildConfigurationList = 0B64CB982B8BC3F30089A87E /* Build configuration list for PBXNativeTarget "RecieptCaptureUITests" */;
			buildPhases = (
				0B64CB842B8BC3F30089A87E /* Sources */,
				0B64CB852B8BC3F30089A87E /* Frameworks */,
				0B64CB862B8BC3F30089A87E /* Resources */,
			);
			buildRules = (
			);
			dependencies = (
				0B64CB8A2B8BC3F30089A87E /* PBXTargetDependency */,
			);
			name = RecieptCaptureUITests;
			productName = RecieptCaptureUITests;
			productReference = 0B64CB882B8BC3F30089A87E /* RecieptCaptureUITests.xctest */;
			productType = "com.apple.product-type.bundle.ui-testing";
		};
/* End PBXNativeTarget section */

/* Begin PBXProject section */
		0B64CB642B8BC3F00089A87E /* Project object */ = {
			isa = PBXProject;
			attributes = {
				BuildIndependentTargetsInParallel = 1;
				LastSwiftUpdateCheck = 1520;
				LastUpgradeCheck = 1520;
				TargetAttributes = {
					0B64CB6B2B8BC3F00089A87E = {
						CreatedOnToolsVersion = 15.2;
					};
					0B64CB7D2B8BC3F30089A87E = {
						CreatedOnToolsVersion = 15.2;
						TestTargetID = 0B64CB6B2B8BC3F00089A87E;
					};
					0B64CB872B8BC3F30089A87E = {
						CreatedOnToolsVersion = 15.2;
						TestTargetID = 0B64CB6B2B8BC3F00089A87E;
					};
				};
			};
			buildConfigurationList = 0B64CB672B8BC3F00089A87E /* Build configuration list for PBXProject "RecieptCapture" */;
			compatibilityVersion = "Xcode 14.0";
			developmentRegion = en;
			hasScannedForEncodings = 0;
			knownRegions = (
				en,
				Base,
			);
			mainGroup = 0B64CB632B8BC3F00089A87E;
			productRefGroup = 0B64CB6D2B8BC3F00089A87E /* Products */;
			projectDirPath = "";
			projectRoot = "";
			targets = (
				0B64CB6B2B8BC3F00089A87E /* RecieptCapture */,
				0B64CB7D2B8BC3F30089A87E /* RecieptCaptureTests */,
				0B64CB872B8BC3F30089A87E /* RecieptCaptureUITests */,
			);
		};
/* End PBXProject section */

/* Begin PBXResourcesBuildPhase section */
		0B64CB6A2B8BC3F00089A87E /* Resources */ = {
			isa = PBXResourcesBuildPhase;
			buildActionMask = 2147483647;
			files = (
				0B64CB792B8BC3F30089A87E /* Preview Assets.xcassets in Resources */,
				0B64CB762B8BC3F30089A87E /* Assets.xcassets in Resources */,
			);
			runOnlyForDeploymentPostprocessing = 0;
		};
		0B64CB7C2B8BC3F30089A87E /* Resources */ = {
			isa = PBXResourcesBuildPhase;
			buildActionMask = 2147483647;
			files = (
			);
			runOnlyForDeploymentPostprocessing = 0;
		};
		0B64CB862B8BC3F30089A87E /* Resources */ = {
			isa = PBXResourcesBuildPhase;
			buildActionMask = 2147483647;
			files = (
			);
			runOnlyForDeploymentPostprocessing = 0;
		};
/* End PBXResourcesBuildPhase section */

/* Begin PBXSourcesBuildPhase section */
		0B64CB682B8BC3F00089A87E /* Sources */ = {
			isa = PBXSourcesBuildPhase;
			buildActionMask = 2147483647;
			files = (
				0BED159B2B9F4D720081D138 /* PhotoCommandView.swift in Sources */,
				0B64CB722B8BC3F00089A87E /* ContentView.swift in Sources */,
				0B16299A2BA4D0E800AAEE9A /* ReceiptModel.swift in Sources */,
				0BED15992B9ECDA80081D138 /* DateView.swift in Sources */,
				0B64CB702B8BC3F00089A87E /* RecieptCaptureApp.swift in Sources */,
				0B11274B2B8BF71C005372C8 /* CameraView.swift in Sources */,
				0BF0DD522BA0169C00383576 /* ScanImageView.swift in Sources */,
				0B1629932BA491B400AAEE9A /* Databases.swift in Sources */,
				0B1629982BA4D0D100AAEE9A /* tblReceipts.swift in Sources */,
				0BED15A32B9FBFAA0081D138 /* DeleteButton.swift in Sources */,
				0BED15972B9E9E510081D138 /* CalenderView.swift in Sources */,
				0BED15A52B9FD0880081D138 /* ImagePicker.swift in Sources */,
				0BED15A02B9F660E0081D138 /* RecFromAlbumView.swift in Sources */,
				0B3D09EB2B90543800449161 /* PhotoSelecter.swift in Sources */,
			);
			runOnlyForDeploymentPostprocessing = 0;
		};
		0B64CB7A2B8BC3F30089A87E /* Sources */ = {
			isa = PBXSourcesBuildPhase;
			buildActionMask = 2147483647;
			files = (
			);
			runOnlyForDeploymentPostprocessing = 0;
		};
		0B64CB842B8BC3F30089A87E /* Sources */ = {
			isa = PBXSourcesBuildPhase;
			buildActionMask = 2147483647;
			files = (
			);
			runOnlyForDeploymentPostprocessing = 0;
		};
/* End PBXSourcesBuildPhase section */

/* Begin PBXTargetDependency section */
		0B64CB802B8BC3F30089A87E /* PBXTargetDependency */ = {
			isa = PBXTargetDependency;
			target = 0B64CB6B2B8BC3F00089A87E /* RecieptCapture */;
			targetProxy = 0B64CB7F2B8BC3F30089A87E /* PBXContainerItemProxy */;
		};
		0B64CB8A2B8BC3F30089A87E /* PBXTargetDependency */ = {
			isa = PBXTargetDependency;
			target = 0B64CB6B2B8BC3F00089A87E /* RecieptCapture */;
			targetProxy = 0B64CB892B8BC3F30089A87E /* PBXContainerItemProxy */;
		};
/* End PBXTargetDependency section */

/* Begin XCBuildConfiguration section */
		0B64CB902B8BC3F30089A87E /* Debug */ = {
			isa = XCBuildConfiguration;
			buildSettings = {
				ALWAYS_SEARCH_USER_PATHS = NO;
				ASSETCATALOG_COMPILER_GENERATE_SWIFT_ASSET_SYMBOL_EXTENSIONS = YES;
				CLANG_ANALYZER_NONNULL = YES;
				CLANG_ANALYZER_NUMBER_OBJECT_CONVERSION = YES_AGGRESSIVE;
				CLANG_CXX_LANGUAGE_STANDARD = "gnu++20";
				CLANG_ENABLE_MODULES = YES;
				CLANG_ENABLE_OBJC_ARC = YES;
				CLANG_ENABLE_OBJC_WEAK = YES;
				CLANG_WARN_BLOCK_CAPTURE_AUTORELEASING = YES;
				CLANG_WARN_BOOL_CONVERSION = YES;
				CLANG_WARN_COMMA = YES;
				CLANG_WARN_CONSTANT_CONVERSION = YES;
				CLANG_WARN_DEPRECATED_OBJC_IMPLEMENTATIONS = YES;
				CLANG_WARN_DIRECT_OBJC_ISA_USAGE = YES_ERROR;
				CLANG_WARN_DOCUMENTATION_COMMENTS = YES;
				CLANG_WARN_EMPTY_BODY = YES;
				CLANG_WARN_ENUM_CONVERSION = YES;
				CLANG_WARN_INFINITE_RECURSION = YES;
				CLANG_WARN_INT_CONVERSION = YES;
				CLANG_WARN_NON_LITERAL_NULL_CONVERSION = YES;
				CLANG_WARN_OBJC_IMPLICIT_RETAIN_SELF = YES;
				CLANG_WARN_OBJC_LITERAL_CONVERSION = YES;
				CLANG_WARN_OBJC_ROOT_CLASS = YES_ERROR;
				CLANG_WARN_QUOTED_INCLUDE_IN_FRAMEWORK_HEADER = YES;
				CLANG_WARN_RANGE_LOOP_ANALYSIS = YES;
				CLANG_WARN_STRICT_PROTOTYPES = YES;
				CLANG_WARN_SUSPICIOUS_MOVE = YES;
				CLANG_WARN_UNGUARDED_AVAILABILITY = YES_AGGRESSIVE;
				CLANG_WARN_UNREACHABLE_CODE = YES;
				CLANG_WARN__DUPLICATE_METHOD_MATCH = YES;
				COPY_PHASE_STRIP = NO;
				DEBUG_INFORMATION_FORMAT = dwarf;
				ENABLE_STRICT_OBJC_MSGSEND = YES;
				ENABLE_TESTABILITY = YES;
				ENABLE_USER_SCRIPT_SANDBOXING = YES;
				GCC_C_LANGUAGE_STANDARD = gnu17;
				GCC_DYNAMIC_NO_PIC = NO;
				GCC_NO_COMMON_BLOCKS = YES;
				GCC_OPTIMIZATION_LEVEL = 0;
				GCC_PREPROCESSOR_DEFINITIONS = (
					"DEBUG=1",
					"$(inherited)",
				);
				GCC_WARN_64_TO_32_BIT_CONVERSION = YES;
				GCC_WARN_ABOUT_RETURN_TYPE = YES_ERROR;
				GCC_WARN_UNDECLARED_SELECTOR = YES;
				GCC_WARN_UNINITIALIZED_AUTOS = YES_AGGRESSIVE;
				GCC_WARN_UNUSED_FUNCTION = YES;
				GCC_WARN_UNUSED_VARIABLE = YES;
				INFOPLIST_KEY_NSCameraUsageDescription = "IT WORKS";
				INFOPLIST_KEY_NSPhotoLibraryUsageDescription = "Lemme see something rq";
				IPHONEOS_DEPLOYMENT_TARGET = 17.2;
				LOCALIZATION_PREFERS_STRING_CATALOGS = YES;
				MTL_ENABLE_DEBUG_INFO = INCLUDE_SOURCE;
				MTL_FAST_MATH = YES;
				ONLY_ACTIVE_ARCH = YES;
				SDKROOT = iphoneos;
				SWIFT_ACTIVE_COMPILATION_CONDITIONS = "DEBUG $(inherited)";
				SWIFT_OPTIMIZATION_LEVEL = "-Onone";
			};
			name = Debug;
		};
		0B64CB912B8BC3F30089A87E /* Release */ = {
			isa = XCBuildConfiguration;
			buildSettings = {
				ALWAYS_SEARCH_USER_PATHS = NO;
				ASSETCATALOG_COMPILER_GENERATE_SWIFT_ASSET_SYMBOL_EXTENSIONS = YES;
				CLANG_ANALYZER_NONNULL = YES;
				CLANG_ANALYZER_NUMBER_OBJECT_CONVERSION = YES_AGGRESSIVE;
				CLANG_CXX_LANGUAGE_STANDARD = "gnu++20";
				CLANG_ENABLE_MODULES = YES;
				CLANG_ENABLE_OBJC_ARC = YES;
				CLANG_ENABLE_OBJC_WEAK = YES;
				CLANG_WARN_BLOCK_CAPTURE_AUTORELEASING = YES;
				CLANG_WARN_BOOL_CONVERSION = YES;
				CLANG_WARN_COMMA = YES;
				CLANG_WARN_CONSTANT_CONVERSION = YES;
				CLANG_WARN_DEPRECATED_OBJC_IMPLEMENTATIONS = YES;
				CLANG_WARN_DIRECT_OBJC_ISA_USAGE = YES_ERROR;
				CLANG_WARN_DOCUMENTATION_COMMENTS = YES;
				CLANG_WARN_EMPTY_BODY = YES;
				CLANG_WARN_ENUM_CONVERSION = YES;
				CLANG_WARN_INFINITE_RECURSION = YES;
				CLANG_WARN_INT_CONVERSION = YES;
				CLANG_WARN_NON_LITERAL_NULL_CONVERSION = YES;
				CLANG_WARN_OBJC_IMPLICIT_RETAIN_SELF = YES;
				CLANG_WARN_OBJC_LITERAL_CONVERSION = YES;
				CLANG_WARN_OBJC_ROOT_CLASS = YES_ERROR;
				CLANG_WARN_QUOTED_INCLUDE_IN_FRAMEWORK_HEADER = YES;
				CLANG_WARN_RANGE_LOOP_ANALYSIS = YES;
				CLANG_WARN_STRICT_PROTOTYPES = YES;
				CLANG_WARN_SUSPICIOUS_MOVE = YES;
				CLANG_WARN_UNGUARDED_AVAILABILITY = YES_AGGRESSIVE;
				CLANG_WARN_UNREACHABLE_CODE = YES;
				CLANG_WARN__DUPLICATE_METHOD_MATCH = YES;
				COPY_PHASE_STRIP = NO;
				DEBUG_INFORMATION_FORMAT = "dwarf-with-dsym";
				ENABLE_NS_ASSERTIONS = NO;
				ENABLE_STRICT_OBJC_MSGSEND = YES;
				ENABLE_USER_SCRIPT_SANDBOXING = YES;
				GCC_C_LANGUAGE_STANDARD = gnu17;
				GCC_NO_COMMON_BLOCKS = YES;
				GCC_WARN_64_TO_32_BIT_CONVERSION = YES;
				GCC_WARN_ABOUT_RETURN_TYPE = YES_ERROR;
				GCC_WARN_UNDECLARED_SELECTOR = YES;
				GCC_WARN_UNINITIALIZED_AUTOS = YES_AGGRESSIVE;
				GCC_WARN_UNUSED_FUNCTION = YES;
				GCC_WARN_UNUSED_VARIABLE = YES;
				INFOPLIST_KEY_NSCameraUsageDescription = "IT WORKS";
				INFOPLIST_KEY_NSPhotoLibraryUsageDescription = "Lemme see something rq";
				IPHONEOS_DEPLOYMENT_TARGET = 17.2;
				LOCALIZATION_PREFERS_STRING_CATALOGS = YES;
				MTL_ENABLE_DEBUG_INFO = NO;
				MTL_FAST_MATH = YES;
				SDKROOT = iphoneos;
				SWIFT_COMPILATION_MODE = wholemodule;
				VALIDATE_PRODUCT = YES;
			};
			name = Release;
		};
		0B64CB932B8BC3F30089A87E /* Debug */ = {
			isa = XCBuildConfiguration;
			buildSettings = {
				ASSETCATALOG_COMPILER_APPICON_NAME = AppIcon;
				ASSETCATALOG_COMPILER_GLOBAL_ACCENT_COLOR_NAME = AccentColor;
				CODE_SIGN_ENTITLEMENTS = RecieptCapture/RecieptCaptureDebug.entitlements;
				CODE_SIGN_STYLE = Automatic;
				CURRENT_PROJECT_VERSION = 1;
				DEVELOPMENT_ASSET_PATHS = "\"RecieptCapture/Preview Content\"";
				DEVELOPMENT_TEAM = 8R9JU6J456;
				ENABLE_PREVIEWS = YES;
				GENERATE_INFOPLIST_FILE = YES;
				INFOPLIST_KEY_UIApplicationSceneManifest_Generation = YES;
				INFOPLIST_KEY_UIApplicationSupportsIndirectInputEvents = YES;
				INFOPLIST_KEY_UILaunchScreen_Generation = YES;
				INFOPLIST_KEY_UISupportedInterfaceOrientations_iPhone = "UIInterfaceOrientationPortrait UIInterfaceOrientationLandscapeLeft UIInterfaceOrientationLandscapeRight";
				LD_RUNPATH_SEARCH_PATHS = (
					"$(inherited)",
					"@executable_path/Frameworks",
				);
				MARKETING_VERSION = 1.0;
				PRODUCT_BUNDLE_IDENTIFIER = com.JakeyWakey.RecieptCapture;
				PRODUCT_NAME = "$(TARGET_NAME)";
				SWIFT_EMIT_LOC_STRINGS = YES;
				SWIFT_VERSION = 5.0;
				TARGETED_DEVICE_FAMILY = "1,2";
			};
			name = Debug;
		};
		0B64CB942B8BC3F30089A87E /* Release */ = {
			isa = XCBuildConfiguration;
			buildSettings = {
				ASSETCATALOG_COMPILER_APPICON_NAME = AppIcon;
				ASSETCATALOG_COMPILER_GLOBAL_ACCENT_COLOR_NAME = AccentColor;
				CODE_SIGN_STYLE = Automatic;
				CURRENT_PROJECT_VERSION = 1;
				DEVELOPMENT_ASSET_PATHS = "\"RecieptCapture/Preview Content\"";
				DEVELOPMENT_TEAM = 8R9JU6J456;
				ENABLE_PREVIEWS = YES;
				GENERATE_INFOPLIST_FILE = YES;
				INFOPLIST_KEY_UIApplicationSceneManifest_Generation = YES;
				INFOPLIST_KEY_UIApplicationSupportsIndirectInputEvents = YES;
				INFOPLIST_KEY_UILaunchScreen_Generation = YES;
				INFOPLIST_KEY_UISupportedInterfaceOrientations_iPhone = "UIInterfaceOrientationPortrait UIInterfaceOrientationLandscapeLeft UIInterfaceOrientationLandscapeRight";
				LD_RUNPATH_SEARCH_PATHS = (
					"$(inherited)",
					"@executable_path/Frameworks",
				);
				MARKETING_VERSION = 1.0;
				PRODUCT_BUNDLE_IDENTIFIER = com.JakeyWakey.RecieptCapture;
				PRODUCT_NAME = "$(TARGET_NAME)";
				SWIFT_EMIT_LOC_STRINGS = YES;
				SWIFT_VERSION = 5.0;
				TARGETED_DEVICE_FAMILY = "1,2";
			};
			name = Release;
		};
		0B64CB962B8BC3F30089A87E /* Debug */ = {
			isa = XCBuildConfiguration;
			buildSettings = {
				ALWAYS_EMBED_SWIFT_STANDARD_LIBRARIES = YES;
				BUNDLE_LOADER = "$(TEST_HOST)";
				CODE_SIGN_STYLE = Automatic;
				CURRENT_PROJECT_VERSION = 1;
				DEVELOPMENT_TEAM = 8R9JU6J456;
				GENERATE_INFOPLIST_FILE = YES;
				IPHONEOS_DEPLOYMENT_TARGET = 17.2;
				MARKETING_VERSION = 1.0;
				PRODUCT_BUNDLE_IDENTIFIER = com.JakeyWakey.RecieptCaptureTests;
				PRODUCT_NAME = "$(TARGET_NAME)";
				SWIFT_EMIT_LOC_STRINGS = NO;
				SWIFT_VERSION = 5.0;
				TARGETED_DEVICE_FAMILY = "1,2";
				TEST_HOST = "$(BUILT_PRODUCTS_DIR)/RecieptCapture.app/$(BUNDLE_EXECUTABLE_FOLDER_PATH)/RecieptCapture";
			};
			name = Debug;
		};
		0B64CB972B8BC3F30089A87E /* Release */ = {
			isa = XCBuildConfiguration;
			buildSettings = {
				ALWAYS_EMBED_SWIFT_STANDARD_LIBRARIES = YES;
				BUNDLE_LOADER = "$(TEST_HOST)";
				CODE_SIGN_STYLE = Automatic;
				CURRENT_PROJECT_VERSION = 1;
				DEVELOPMENT_TEAM = 8R9JU6J456;
				GENERATE_INFOPLIST_FILE = YES;
				IPHONEOS_DEPLOYMENT_TARGET = 17.2;
				MARKETING_VERSION = 1.0;
				PRODUCT_BUNDLE_IDENTIFIER = com.JakeyWakey.RecieptCaptureTests;
				PRODUCT_NAME = "$(TARGET_NAME)";
				SWIFT_EMIT_LOC_STRINGS = NO;
				SWIFT_VERSION = 5.0;
				TARGETED_DEVICE_FAMILY = "1,2";
				TEST_HOST = "$(BUILT_PRODUCTS_DIR)/RecieptCapture.app/$(BUNDLE_EXECUTABLE_FOLDER_PATH)/RecieptCapture";
			};
			name = Release;
		};
		0B64CB992B8BC3F30089A87E /* Debug */ = {
			isa = XCBuildConfiguration;
			buildSettings = {
				ALWAYS_EMBED_SWIFT_STANDARD_LIBRARIES = YES;
				CODE_SIGN_STYLE = Automatic;
				CURRENT_PROJECT_VERSION = 1;
				DEVELOPMENT_TEAM = 8R9JU6J456;
				GENERATE_INFOPLIST_FILE = YES;
				MARKETING_VERSION = 1.0;
				PRODUCT_BUNDLE_IDENTIFIER = com.JakeyWakey.RecieptCaptureUITests;
				PRODUCT_NAME = "$(TARGET_NAME)";
				SWIFT_EMIT_LOC_STRINGS = NO;
				SWIFT_VERSION = 5.0;
				TARGETED_DEVICE_FAMILY = "1,2";
				TEST_TARGET_NAME = RecieptCapture;
			};
			name = Debug;
		};
		0B64CB9A2B8BC3F30089A87E /* Release */ = {
			isa = XCBuildConfiguration;
			buildSettings = {
				ALWAYS_EMBED_SWIFT_STANDARD_LIBRARIES = YES;
				CODE_SIGN_STYLE = Automatic;
				CURRENT_PROJECT_VERSION = 1;
				DEVELOPMENT_TEAM = 8R9JU6J456;
				GENERATE_INFOPLIST_FILE = YES;
				MARKETING_VERSION = 1.0;
				PRODUCT_BUNDLE_IDENTIFIER = com.JakeyWakey.RecieptCaptureUITests;
				PRODUCT_NAME = "$(TARGET_NAME)";
				SWIFT_EMIT_LOC_STRINGS = NO;
				SWIFT_VERSION = 5.0;
				TARGETED_DEVICE_FAMILY = "1,2";
				TEST_TARGET_NAME = RecieptCapture;
			};
			name = Release;
		};
/* End XCBuildConfiguration section */

/* Begin XCConfigurationList section */
		0B64CB672B8BC3F00089A87E /* Build configuration list for PBXProject "RecieptCapture" */ = {
			isa = XCConfigurationList;
			buildConfigurations = (
				0B64CB902B8BC3F30089A87E /* Debug */,
				0B64CB912B8BC3F30089A87E /* Release */,
			);
			defaultConfigurationIsVisible = 0;
			defaultConfigurationName = Release;
		};
		0B64CB922B8BC3F30089A87E /* Build configuration list for PBXNativeTarget "RecieptCapture" */ = {
			isa = XCConfigurationList;
			buildConfigurations = (
				0B64CB932B8BC3F30089A87E /* Debug */,
				0B64CB942B8BC3F30089A87E /* Release */,
			);
			defaultConfigurationIsVisible = 0;
			defaultConfigurationName = Release;
		};
		0B64CB952B8BC3F30089A87E /* Build configuration list for PBXNativeTarget "RecieptCaptureTests" */ = {
			isa = XCConfigurationList;
			buildConfigurations = (
				0B64CB962B8BC3F30089A87E /* Debug */,
				0B64CB972B8BC3F30089A87E /* Release */,
			);
			defaultConfigurationIsVisible = 0;
			defaultConfigurationName = Release;
		};
		0B64CB982B8BC3F30089A87E /* Build configuration list for PBXNativeTarget "RecieptCaptureUITests" */ = {
			isa = XCConfigurationList;
			buildConfigurations = (
				0B64CB992B8BC3F30089A87E /* Debug */,
				0B64CB9A2B8BC3F30089A87E /* Release */,
			);
			defaultConfigurationIsVisible = 0;
			defaultConfigurationName = Release;
		};
/* End XCConfigurationList section */
	};
	rootObject = 0B64CB642B8BC3F00089A87E /* Project object */;
}
